{
    "_readme": [
        "This file locks the dependencies of your project to a known state",
        "Read more about it at https://getcomposer.org/doc/01-basic-usage.md#composer-lock-the-lock-file",
        "This file is @generated automatically"
    ],
    "content-hash": "4b9a990627fcd9b34bff2cfd310a16ec",
    "packages": [
        {
            "name": "adldap/adldap",
            "version": "dev-master",
            "source": {
                "type": "git",
                "url": "https://github.com/adldap/adLDAP.git",
                "reference": "63fd63e4f680e521bdf6cba23e0e524a2c34c0d5"
            },
            "dist": {
                "type": "zip",
                "url": "https://api.github.com/repos/adldap/adLDAP/zipball/63fd63e4f680e521bdf6cba23e0e524a2c34c0d5",
                "reference": "63fd63e4f680e521bdf6cba23e0e524a2c34c0d5",
                "shasum": ""
            },
            "require": {
                "ext-ldap": "*",
                "php": ">=5.4.0"
            },
            "require-dev": {
                "mockery/mockery": "0.9.*",
                "phpunit/phpunit": "4.6.*"
            },
            "type": "library",
            "autoload": {
                "psr-4": {
                    "Adldap\\": "src/"
                }
            },
            "notification-url": "https://packagist.org/downloads/",
            "license": [
                "LGPL-2.1"
            ],
            "authors": [
                {
                    "name": "Scott Barnett",
                    "email": "scott@wiggumworld.com",
                    "role": "Developer"
                },
                {
                    "name": "Richard Hyland",
                    "email": "adldap@richardhyland.com",
                    "role": "Developer"
                },
                {
                    "name": "Steve Bauman",
                    "email": "steven_bauman@outlook.com",
                    "role": "Developer"
                }
            ],
            "description": "A PHP LDAP Library for Active Directory Manipulation",
            "keywords": [
                "active directory",
                "ldap",
                "windows"
            ],
            "time": "2015-06-16 12:41:10"
        },
        {
            "name": "nuovo/spreadsheet-reader",
            "version": "0.5.11",
            "source": {
                "type": "git",
                "url": "https://github.com/nuovo/spreadsheet-reader.git",
                "reference": "f6bd49d101042eaa71b0fbd82e7a57e5a276dc3d"
            },
            "dist": {
                "type": "zip",
                "url": "https://api.github.com/repos/nuovo/spreadsheet-reader/zipball/f6bd49d101042eaa71b0fbd82e7a57e5a276dc3d",
                "reference": "f6bd49d101042eaa71b0fbd82e7a57e5a276dc3d",
                "shasum": ""
            },
            "require": {
                "ext-zip": "*",
                "php": ">= 5.3.0"
            },
            "type": "library",
            "autoload": {
                "classmap": [
                    "./"
                ]
            },
            "notification-url": "https://packagist.org/downloads/",
            "license": [
                "MIT"
            ],
            "authors": [
                {
                    "name": "Martins Pilsetnieks",
                    "email": "pilsetnieks@gmail.com",
                    "homepage": "http://www.nuovo.lv/"
                }
            ],
            "description": "Spreadsheet reader library for Excel, OpenOffice and structured text files",
            "homepage": "https://github.com/nuovo/spreadsheet-reader",
            "keywords": [
                "OpenOffice",
                "csv",
                "excel",
                "ods",
                "spreadsheet",
                "xls",
                "xlsx"
            ],
            "time": "2015-04-30T00:00:00+00:00"
        },
        {
            "name": "onelogin/php-saml",
            "version": "2.10.4",
            "source": {
                "type": "git",
                "url": "https://github.com/onelogin/php-saml.git",
                "reference": "e1d6b8dc2e6abea3185b59da8b52002eb7dc9a87"
            },
            "dist": {
                "type": "zip",
                "url": "https://api.github.com/repos/onelogin/php-saml/zipball/e1d6b8dc2e6abea3185b59da8b52002eb7dc9a87",
                "reference": "e1d6b8dc2e6abea3185b59da8b52002eb7dc9a87",
                "shasum": ""
            },
            "require": {
                "ext-dom": "*",
                "ext-mcrypt": "*",
                "ext-openssl": "*",
                "php": ">=5.3.2"
            },
            "require-dev": {
                "pdepend/pdepend": "1.1.0",
                "phploc/phploc": "*",
                "phpunit/phpunit": "4.8",
                "satooshi/php-coveralls": "1.0.1",
                "sebastian/phpcpd": "*",
                "squizlabs/php_codesniffer": "*"
            },
            "suggest": {
                "ext-gettext": "Install gettext and php5-gettext libs to handle translations",
                "ext-mcrypt": "Install mcrypt and php5-mcrypt libs in order to support encryption",
                "lib-openssl": "Install openssl lib in order to handle with x509 certs (require to support sign and encryption)"
            },
            "type": "library",
            "autoload": {
                "classmap": [
                    "extlib/xmlseclibs",
                    "lib/Saml",
                    "lib/Saml2"
                ]
            },
            "notification-url": "https://packagist.org/downloads/",
            "license": [
                "MIT"
            ],
            "description": "OneLogin PHP SAML Toolkit",
            "homepage": "https://onelogin.zendesk.com/hc/en-us/sections/200245634-SAML-Toolkits",
            "keywords": [
                "SAML2",
                "onelogin",
                "saml"
            ],
            "time": "2017-02-28T18:37:39+00:00"
        },
        {
            "name": "pear/console_getopt",
            "version": "v1.4.1",
            "source": {
                "type": "git",
                "url": "https://github.com/pear/Console_Getopt.git",
                "reference": "82f05cd1aa3edf34e19aa7c8ca312ce13a6a577f"
            },
            "dist": {
                "type": "zip",
                "url": "https://api.github.com/repos/pear/Console_Getopt/zipball/82f05cd1aa3edf34e19aa7c8ca312ce13a6a577f",
                "reference": "82f05cd1aa3edf34e19aa7c8ca312ce13a6a577f",
                "shasum": ""
            },
            "type": "library",
            "autoload": {
                "psr-0": {
                    "Console": "./"
                }
            },
            "notification-url": "https://packagist.org/downloads/",
            "include-path": [
                "./"
            ],
            "license": [
                "BSD-2-Clause"
            ],
            "authors": [
                {
                    "name": "Greg Beaver",
                    "email": "cellog@php.net",
                    "role": "Helper"
                },
                {
                    "name": "Andrei Zmievski",
                    "email": "andrei@php.net",
                    "role": "Lead"
                },
                {
                    "name": "Stig Bakken",
                    "email": "stig@php.net",
                    "role": "Developer"
                }
            ],
            "description": "More info available on: http://pear.php.net/package/Console_Getopt",
            "time": "2015-07-20T20:28:12+00:00"
        },
        {
            "name": "pear/net_dns2",
            "version": "v1.4.2",
            "source": {
                "type": "git",
                "url": "https://github.com/mikepultz/netdns2.git",
                "reference": "81026bab8e84cf21bb59b54a00e98b6fa0692eb5"
            },
            "dist": {
                "type": "zip",
                "url": "https://api.github.com/repos/mikepultz/netdns2/zipball/81026bab8e84cf21bb59b54a00e98b6fa0692eb5",
                "reference": "81026bab8e84cf21bb59b54a00e98b6fa0692eb5",
                "shasum": ""
            },
            "require": {
                "php": ">=5.1.2"
            },
            "type": "library",
            "autoload": {
                "psr-0": {
                    "Net_DNS2": ""
                }
            },
            "notification-url": "https://packagist.org/downloads/",
            "license": [
                "BSD-2-Clause"
            ],
            "authors": [
                {
                    "name": "Mike Pultz",
                    "email": "mike@mikepultz.com",
                    "homepage": "http://mikepultz.com/",
                    "role": "Developer"
                }
            ],
            "description": "Native PHP5 DNS Resolver and Updater Library",
            "homepage": "http://netdns2.com/",
            "keywords": [
                "PEAR",
                "dns",
                "network"
            ],
            "time": "2016-08-23T03:59:55+00:00"
        },
        {
            "name": "pear/net_ipv4",
            "version": "dev-trunk",
            "source": {
                "type": "git",
                "url": "https://github.com/pear/Net_IPv4.git",
                "reference": "6c9bf44068e1f6b5dd3afe7455e8cd70102b675a"
            },
            "dist": {
                "type": "zip",
                "url": "https://api.github.com/repos/pear/Net_IPv4/zipball/6c9bf44068e1f6b5dd3afe7455e8cd70102b675a",
                "reference": "6c9bf44068e1f6b5dd3afe7455e8cd70102b675a",
                "shasum": ""
            },
            "require": {
                "pear/pear_exception": "*"
            },
            "require-dev": {
                "phpunit/phpunit": "*"
            },
            "type": "library",
            "autoload": {
                "psr-0": {
                    "Net": "./"
                }
            },
            "notification-url": "https://packagist.org/downloads/",
            "include-path": [
                "./"
            ],
            "license": [
                "PHP License 3.01"
            ],
            "authors": [
                {
                    "name": "Marco Kaiser",
                    "email": "bate@php.net",
                    "role": "Lead"
                },
                {
                    "name": "Florian Anderiasch",
                    "email": "fa@php.net",
                    "role": "Developer"
                }
            ],
            "description": "More info available on: http://pear.php.net/package/Net_IPv4",
            "time": "2014-03-23 13:58:24"
        },
        {
            "name": "pear/ole",
            "version": "dev-master",
            "source": {
                "type": "git",
                "url": "https://github.com/pear/OLE.git",
                "reference": "29a37bb1b76ebcf9612b74979f8e531b8ecd7849"
            },
            "dist": {
                "type": "zip",
                "url": "https://api.github.com/repos/pear/OLE/zipball/29a37bb1b76ebcf9612b74979f8e531b8ecd7849",
                "reference": "29a37bb1b76ebcf9612b74979f8e531b8ecd7849",
                "shasum": ""
            },
            "require": {
                "pear/pear_exception": "*"
            },
            "require-dev": {
                "phpunit/phpunit": "*"
            },
            "type": "library",
            "autoload": {
                "psr-0": {
                    "OLE": "./"
                }
            },
            "notification-url": "https://packagist.org/downloads/",
            "include-path": [
                "./"
            ],
            "license": [
                "PHP"
            ],
            "authors": [
                {
                    "name": "Christian Schmidt",
                    "email": "schmidt@php.net",
                    "role": "Lead"
                },
                {
                    "name": "Xavier Noguer",
                    "email": "xnoguer@php.net",
                    "role": "Lead"
                }
            ],
            "description": "More info available on: http://pear.php.net/package/OLE",
            "time": "2014-02-20 19:26:34"
        },
        {
            "name": "pear/pear-core-minimal",
            "version": "v1.10.3",
            "source": {
                "type": "git",
                "url": "https://github.com/pear/pear-core-minimal.git",
                "reference": "070f0b600b2caca2501e2c9b7e553016e4b0d115"
            },
            "dist": {
                "type": "zip",
                "url": "https://api.github.com/repos/pear/pear-core-minimal/zipball/070f0b600b2caca2501e2c9b7e553016e4b0d115",
                "reference": "070f0b600b2caca2501e2c9b7e553016e4b0d115",
                "shasum": ""
            },
            "require": {
                "pear/console_getopt": "~1.4",
                "pear/pear_exception": "~1.0"
            },
            "replace": {
                "rsky/pear-core-min": "self.version"
            },
            "type": "library",
            "autoload": {
                "psr-0": {
                    "": "src/"
                }
            },
            "notification-url": "https://packagist.org/downloads/",
            "include-path": [
                "src/"
            ],
            "license": [
                "BSD-3-Clause"
            ],
            "authors": [
                {
                    "name": "Christian Weiske",
                    "email": "cweiske@php.net",
                    "role": "Lead"
                }
            ],
            "description": "Minimal set of PEAR core files to be used as composer dependency",
            "time": "2017-02-28T16:46:11+00:00"
        },
        {
            "name": "pear/pear_exception",
            "version": "dev-master",
            "source": {
                "type": "git",
                "url": "https://github.com/pear/PEAR_Exception.git",
                "reference": "8c18719fdae000b690e3912be401c76e406dd13b"
            },
            "dist": {
                "type": "zip",
                "url": "https://api.github.com/repos/pear/PEAR_Exception/zipball/8c18719fdae000b690e3912be401c76e406dd13b",
                "reference": "8c18719fdae000b690e3912be401c76e406dd13b",
                "shasum": ""
            },
            "require": {
                "php": ">=4.4.0"
            },
            "require-dev": {
                "phpunit/phpunit": "*"
            },
            "type": "class",
            "extra": {
                "branch-alias": {
                    "dev-master": "1.0.x-dev"
                }
            },
            "autoload": {
                "psr-0": {
                    "PEAR": ""
                }
            },
            "notification-url": "https://packagist.org/downloads/",
            "include-path": [
                "."
            ],
            "license": [
                "BSD-2-Clause"
            ],
            "authors": [
                {
                    "name": "Helgi Thormar",
                    "email": "dufuz@php.net"
                },
                {
                    "name": "Greg Beaver",
                    "email": "cellog@php.net"
                }
            ],
            "description": "The PEAR Exception base class.",
            "homepage": "https://github.com/pear/PEAR_Exception",
            "keywords": [
                "exception"
            ],
            "time": "2015-02-10 20:07:52"
        },
        {
            "name": "pear/spreadsheet_excel_writer",
            "version": "dev-master",
            "source": {
                "type": "git",
                "url": "https://github.com/pear/Spreadsheet_Excel_Writer.git",
                "reference": "721f70fb5a1ab91269fc24eebc72e0b6542f8e37"
            },
            "dist": {
                "type": "zip",
                "url": "https://api.github.com/repos/pear/Spreadsheet_Excel_Writer/zipball/721f70fb5a1ab91269fc24eebc72e0b6542f8e37",
                "reference": "721f70fb5a1ab91269fc24eebc72e0b6542f8e37",
                "shasum": ""
            },
            "require": {
                "pear/ole": "*",
                "pear/pear-core-minimal": "^1.10",
                "php": ">=5.3.3"
            },
            "require-dev": {
                "phpunit/phpunit": "4.8.*"
            },
            "type": "library",
            "autoload": {
                "psr-0": {
                    "Spreadsheet": ""
                }
            },
            "notification-url": "https://packagist.org/downloads/",
            "include-path": [
                "./"
            ],
            "license": [
                "LGPL"
            ],
            "authors": [
                {
                    "name": "Carsten Schmitz",
                    "email": "cschmitz@limesurvey.org",
                    "role": "Lead"
                },
                {
                    "name": "Xavier Noguer",
                    "email": "xnoguer@php.net",
                    "role": "Lead"
                },
                {
                    "name": "Franck Lefevre",
                    "email": "progi1984@gmail.com",
                    "role": "Developer"
                },
                {
                    "name": "Mika Tuupola",
                    "email": "tuupola@appelsiini.net",
                    "role": "Developer"
                }
            ],
            "description": "More info available on: http://pear.php.net/package/Spreadsheet_Excel_Writer",
            "time": "2017-02-19 13:14:06"
        },
        {
            "name": "phpmailer/phpmailer",
            "version": "v6.0.0rc5",
            "source": {
                "type": "git",
                "url": "https://github.com/PHPMailer/PHPMailer.git",
                "reference": "9c3ba23563a54f9318bb2e4748db45e0c4cd96c6"
            },
            "dist": {
                "type": "zip",
                "url": "https://api.github.com/repos/PHPMailer/PHPMailer/zipball/9c3ba23563a54f9318bb2e4748db45e0c4cd96c6",
                "reference": "9c3ba23563a54f9318bb2e4748db45e0c4cd96c6",
                "shasum": ""
            },
            "require": {
                "php": ">=5.5.0"
            },
            "require-dev": {
                "phpdocumentor/phpdocumentor": "2.*",
                "phpunit/phpunit": "4.*"
            },
            "suggest": {
                "ext-mbstring": "Needed to send email in multibyte encoding charset",
                "hayageek/oauth2-yahoo": "Needed for Yahoo XOAUTH2 authentication",
                "league/oauth2-google": "Needed for Google XOAUTH2 authentication",
                "psr/log": "For optional PSR-3 debug logging",
                "stevenmaguire/oauth2-microsoft": "Needed for Microsoft XOAUTH2 authentication",
                "symfony/polyfill-mbstring": "To support UTF-8 if the Mbstring PHP extension is not enabled (^1.2)"
            },
            "type": "library",
            "autoload": {
                "psr-4": {
                    "PHPMailer\\PHPMailer\\": "src/"
                }
            },
            "notification-url": "https://packagist.org/downloads/",
            "license": [
                "LGPL-2.1"
            ],
            "authors": [
                {
                    "name": "Jim Jagielski",
                    "email": "jimjag@gmail.com"
                },
                {
                    "name": "Marcus Bointon",
                    "email": "phpmailer@synchromedia.co.uk"
                },
                {
                    "name": "Andy Prevost",
                    "email": "codeworxtech@users.sourceforge.net"
                },
                {
                    "name": "Brent R. Matzelle"
                }
            ],
            "description": "PHPMailer is a full-featured email creation and transfer class for PHP",
            "time": "2017-02-28T10:46:22+00:00"
        }
    ],
    "packages-dev": [],
    "aliases": [],
    "minimum-stability": "dev",
    "stability-flags": {
        "adldap/adldap": 20,
        "pear/net_ipv4": 20,
        "pear/ole": 20,
        "pear/spreadsheet_excel_writer": 20
    },
    "prefer-stable": false,
    "prefer-lowest": false,
    "platform": [],
    "platform-dev": []
}
